{
  "version": 4,
  "terraform_version": "1.5.7",
  "serial": 6,
  "lineage": "e59da007-33e6-bd1a-eae2-1e72e1cf987d",
  "outputs": {},
  "resources": [
    {
      "mode": "data",
      "type": "azurerm_resource_group",
      "name": "hubrg",
      "provider": "provider[\"registry.terraform.io/hashicorp/azurerm\"]",
      "instances": [
        {
          "schema_version": 0,
          "attributes": {
            "id": "/subscriptions/e146f6a5-5a63-446e-8f29-b4760484b0fa/resourceGroups/hubrg",
            "location": "eastus",
            "managed_by": "",
            "name": "hubrg",
            "tags": {},
            "timeouts": null
          },
          "sensitive_attributes": []
        }
      ]
    },
    {
      "mode": "managed",
      "type": "azurerm_network_security_group",
      "name": "hub",
      "provider": "provider[\"registry.terraform.io/hashicorp/azurerm\"]",
      "instances": [
        {
          "index_key": "nsg1",
          "schema_version": 0,
          "attributes": {
            "id": "/subscriptions/e146f6a5-5a63-446e-8f29-b4760484b0fa/resourceGroups/hubrg/providers/Microsoft.Network/networkSecurityGroups/nsg1",
            "location": "eastus",
            "name": "nsg1",
            "resource_group_name": "hubrg",
            "security_rule": [],
            "tags": {},
            "timeouts": null
          },
          "sensitive_attributes": [],
          "private": "eyJlMmJmYjczMC1lY2FhLTExZTYtOGY4OC0zNDM2M2JjN2M0YzAiOnsiY3JlYXRlIjoxODAwMDAwMDAwMDAwLCJkZWxldGUiOjE4MDAwMDAwMDAwMDAsInJlYWQiOjMwMDAwMDAwMDAwMCwidXBkYXRlIjoxODAwMDAwMDAwMDAwfX0=",
          "dependencies": [
            "data.azurerm_resource_group.hubrg"
          ]
        },
        {
          "index_key": "nsg2",
          "schema_version": 0,
          "attributes": {
            "id": "/subscriptions/e146f6a5-5a63-446e-8f29-b4760484b0fa/resourceGroups/hubrg/providers/Microsoft.Network/networkSecurityGroups/nsg2",
            "location": "eastus",
            "name": "nsg2",
            "resource_group_name": "hubrg",
            "security_rule": [],
            "tags": {},
            "timeouts": null
          },
          "sensitive_attributes": [],
          "private": "eyJlMmJmYjczMC1lY2FhLTExZTYtOGY4OC0zNDM2M2JjN2M0YzAiOnsiY3JlYXRlIjoxODAwMDAwMDAwMDAwLCJkZWxldGUiOjE4MDAwMDAwMDAwMDAsInJlYWQiOjMwMDAwMDAwMDAwMCwidXBkYXRlIjoxODAwMDAwMDAwMDAwfX0=",
          "dependencies": [
            "data.azurerm_resource_group.hubrg"
          ]
        }
      ]
    },
    {
      "mode": "managed",
      "type": "azurerm_virtual_network",
      "name": "vnet1",
      "provider": "provider[\"registry.terraform.io/hashicorp/azurerm\"]",
      "instances": [
        {
          "index_key": "vnetspk",
          "schema_version": 0,
          "attributes": {
            "address_space": [
              "10.2.1.0/24"
            ],
            "bgp_community": "",
            "ddos_protection_plan": [],
            "dns_servers": [],
            "edge_zone": "",
            "encryption": [],
            "flow_timeout_in_minutes": 0,
            "guid": "5fdabdad-8983-48bd-bdcb-728ca37a7912",
            "id": "/subscriptions/e146f6a5-5a63-446e-8f29-b4760484b0fa/resourceGroups/hubrg/providers/Microsoft.Network/virtualNetworks/vnetspk",
            "location": "eastus",
            "name": "vnetspk",
            "resource_group_name": "hubrg",
            "subnet": [],
            "tags": null,
            "timeouts": null
          },
          "sensitive_attributes": [],
          "private": "eyJlMmJmYjczMC1lY2FhLTExZTYtOGY4OC0zNDM2M2JjN2M0YzAiOnsiY3JlYXRlIjoxODAwMDAwMDAwMDAwLCJkZWxldGUiOjE4MDAwMDAwMDAwMDAsInJlYWQiOjMwMDAwMDAwMDAwMCwidXBkYXRlIjoxODAwMDAwMDAwMDAwfX0=",
          "dependencies": [
            "data.azurerm_resource_group.hubrg"
          ]
        },
        {
          "index_key": "vnetspk2",
          "schema_version": 0,
          "attributes": {
            "address_space": [
              "10.3.1.0/24"
            ],
            "bgp_community": "",
            "ddos_protection_plan": [],
            "dns_servers": [],
            "edge_zone": "",
            "encryption": [],
            "flow_timeout_in_minutes": 0,
            "guid": "5fdabdad-8983-48bd-bdcb-728ca37a7912",
            "id": "/subscriptions/e146f6a5-5a63-446e-8f29-b4760484b0fa/resourceGroups/hubrg/providers/Microsoft.Network/virtualNetworks/vnetspk",
            "location": "eastus",
            "name": "vnetspk",
            "resource_group_name": "hubrg",
            "subnet": [],
            "tags": null,
            "timeouts": null
          },
          "sensitive_attributes": [],
          "private": "eyJlMmJmYjczMC1lY2FhLTExZTYtOGY4OC0zNDM2M2JjN2M0YzAiOnsiY3JlYXRlIjoxODAwMDAwMDAwMDAwLCJkZWxldGUiOjE4MDAwMDAwMDAwMDAsInJlYWQiOjMwMDAwMDAwMDAwMCwidXBkYXRlIjoxODAwMDAwMDAwMDAwfX0=",
          "dependencies": [
            "data.azurerm_resource_group.hubrg"
          ]
        }
      ]
    }
  ],
  "check_results": null
}
