{
  "version": 4,
  "terraform_version": "1.5.7",
  "serial": 22,
  "lineage": "fd52f7bf-797c-5282-3ee0-ba8d643b2089",
  "outputs": {},
  "resources": [
    {
      "module": "module.rg",
      "mode": "managed",
      "type": "azurerm_resource_group",
      "name": "rg-main",
      "provider": "provider[\"registry.terraform.io/hashicorp/azurerm\"]",
      "instances": [
        {
          "schema_version": 0,
          "attributes": {
            "id": "/subscriptions/e146f6a5-5a63-446e-8f29-b4760484b0fa/resourceGroups/rg-main",
            "location": "eastus",
            "managed_by": "",
            "name": "rg-main",
            "tags": null,
            "timeouts": null
          },
          "sensitive_attributes": [],
          "private": "eyJlMmJmYjczMC1lY2FhLTExZTYtOGY4OC0zNDM2M2JjN2M0YzAiOnsiY3JlYXRlIjo1NDAwMDAwMDAwMDAwLCJkZWxldGUiOjU0MDAwMDAwMDAwMDAsInJlYWQiOjMwMDAwMDAwMDAwMCwidXBkYXRlIjo1NDAwMDAwMDAwMDAwfX0="
        }
      ]
    },
    {
      "module": "module.vnet[\"spkvnet\"]",
      "mode": "managed",
      "type": "azurerm_virtual_network",
      "name": "vneta",
      "provider": "provider[\"registry.terraform.io/hashicorp/azurerm\"]",
      "instances": [
        {
          "schema_version": 0,
          "attributes": {
            "address_space": [
              "192.168.10.0/24"
            ],
            "bgp_community": "",
            "ddos_protection_plan": [],
            "dns_servers": [],
            "edge_zone": "",
            "encryption": [],
            "flow_timeout_in_minutes": 0,
            "guid": "6396d913-9d71-4d49-adcd-68aea56cdf64",
            "id": "/subscriptions/e146f6a5-5a63-446e-8f29-b4760484b0fa/resourceGroups/rg-main/providers/Microsoft.Network/virtualNetworks/spkvnet",
            "location": "eastus",
            "name": "spkvnet",
            "resource_group_name": "rg-main",
            "subnet": [],
            "tags": null,
            "timeouts": null
          },
          "sensitive_attributes": [],
          "private": "eyJlMmJmYjczMC1lY2FhLTExZTYtOGY4OC0zNDM2M2JjN2M0YzAiOnsiY3JlYXRlIjoxODAwMDAwMDAwMDAwLCJkZWxldGUiOjE4MDAwMDAwMDAwMDAsInJlYWQiOjMwMDAwMDAwMDAwMCwidXBkYXRlIjoxODAwMDAwMDAwMDAwfX0=",
          "dependencies": [
            "module.rg.azurerm_resource_group.rg-main"
          ]
        }
      ]
    },
    {
      "module": "module.vnet[\"vlconnect\"]",
      "mode": "managed",
      "type": "azurerm_virtual_network",
      "name": "vneta",
      "provider": "provider[\"registry.terraform.io/hashicorp/azurerm\"]",
      "instances": [
        {
          "schema_version": 0,
          "attributes": {
            "address_space": [
              "192.168.30.0/24"
            ],
            "bgp_community": "",
            "ddos_protection_plan": [],
            "dns_servers": [],
            "edge_zone": "",
            "encryption": [],
            "flow_timeout_in_minutes": 0,
            "guid": "ffba5a51-fc5e-49ee-95e1-f7e957378c5b",
            "id": "/subscriptions/e146f6a5-5a63-446e-8f29-b4760484b0fa/resourceGroups/rg-main/providers/Microsoft.Network/virtualNetworks/vlconnect",
            "location": "eastus",
            "name": "vlconnect",
            "resource_group_name": "rg-main",
            "subnet": [],
            "tags": null,
            "timeouts": null
          },
          "sensitive_attributes": [],
          "private": "eyJlMmJmYjczMC1lY2FhLTExZTYtOGY4OC0zNDM2M2JjN2M0YzAiOnsiY3JlYXRlIjoxODAwMDAwMDAwMDAwLCJkZWxldGUiOjE4MDAwMDAwMDAwMDAsInJlYWQiOjMwMDAwMDAwMDAwMCwidXBkYXRlIjoxODAwMDAwMDAwMDAwfX0=",
          "dependencies": [
            "module.rg.azurerm_resource_group.rg-main"
          ]
        }
      ]
    },
    {
      "module": "module.vnet[\"vlcore\"]",
      "mode": "managed",
      "type": "azurerm_virtual_network",
      "name": "vneta",
      "provider": "provider[\"registry.terraform.io/hashicorp/azurerm\"]",
      "instances": [
        {
          "schema_version": 0,
          "attributes": {
            "address_space": [
              "192.168.20.0/24"
            ],
            "bgp_community": "",
            "ddos_protection_plan": [],
            "dns_servers": [],
            "edge_zone": "",
            "encryption": [],
            "flow_timeout_in_minutes": 0,
            "guid": "12da4373-ca4d-448f-a313-258c95395431",
            "id": "/subscriptions/e146f6a5-5a63-446e-8f29-b4760484b0fa/resourceGroups/rg-main/providers/Microsoft.Network/virtualNetworks/vlcore",
            "location": "eastus",
            "name": "vlcore",
            "resource_group_name": "rg-main",
            "subnet": [],
            "tags": null,
            "timeouts": null
          },
          "sensitive_attributes": [],
          "private": "eyJlMmJmYjczMC1lY2FhLTExZTYtOGY4OC0zNDM2M2JjN2M0YzAiOnsiY3JlYXRlIjoxODAwMDAwMDAwMDAwLCJkZWxldGUiOjE4MDAwMDAwMDAwMDAsInJlYWQiOjMwMDAwMDAwMDAwMCwidXBkYXRlIjoxODAwMDAwMDAwMDAwfX0=",
          "dependencies": [
            "module.rg.azurerm_resource_group.rg-main"
          ]
        }
      ]
    },
    {
      "module": "module.vnet[\"vldirect\"]",
      "mode": "managed",
      "type": "azurerm_virtual_network",
      "name": "vneta",
      "provider": "provider[\"registry.terraform.io/hashicorp/azurerm\"]",
      "instances": [
        {
          "schema_version": 0,
          "attributes": {
            "address_space": [
              "192.168.40.0/24"
            ],
            "bgp_community": "",
            "ddos_protection_plan": [],
            "dns_servers": [],
            "edge_zone": "",
            "encryption": [],
            "flow_timeout_in_minutes": 0,
            "guid": "4a56bbdb-12a6-4165-9d37-450e246833f0",
            "id": "/subscriptions/e146f6a5-5a63-446e-8f29-b4760484b0fa/resourceGroups/rg-main/providers/Microsoft.Network/virtualNetworks/vldirect",
            "location": "eastus",
            "name": "vldirect",
            "resource_group_name": "rg-main",
            "subnet": [],
            "tags": null,
            "timeouts": null
          },
          "sensitive_attributes": [],
          "private": "eyJlMmJmYjczMC1lY2FhLTExZTYtOGY4OC0zNDM2M2JjN2M0YzAiOnsiY3JlYXRlIjoxODAwMDAwMDAwMDAwLCJkZWxldGUiOjE4MDAwMDAwMDAwMDAsInJlYWQiOjMwMDAwMDAwMDAwMCwidXBkYXRlIjoxODAwMDAwMDAwMDAwfX0=",
          "dependencies": [
            "module.rg.azurerm_resource_group.rg-main"
          ]
        }
      ]
    }
  ],
  "check_results": null
}
